dependencies:
- name: dnsservice-operator
  repository: https://chartmuseum.devops.nuvem.bb.com.br/bb/psc
  version: 0.1.0
- name: k8s-namespaces
  repository: https://chartmuseum.devops.nuvem.bb.com.br/bb/infra
  version: 0.1.0
digest: sha256:28e6ab137bceeaa2f959d0e3d84e18499ccdef03d92fa769cfe70fa6032fe1a6
generated: "2020-06-10T14:31:50.497016-03:00"
